
Microsoft Visual Studio Solution File, Format Version 12.00
# Visual Studio Version 17
VisualStudioVersion = 17.7.34031.279
MinimumVisualStudioVersion = 10.0.40219.1
Project("{9A19103F-16F7-4668-BE54-9A1E7A4F7556}") = "BlazorApp", "BlazorApp.csproj", "{B780F39B-42F3-47DA-BC74-38B759FB58A2}"
EndProject
Global
	GlobalSection(SolutionConfigurationPlatforms) = preSolution
		Debug|Any CPU = Debug|Any CPU
		Release|Any CPU = Release|Any CPU
	EndGlobalSection
	GlobalSection(ProjectConfigurationPlatforms) = postSolution
		{B780F39B-42F3-47DA-BC74-38B759FB58A2}.Debug|Any CPU.ActiveCfg = Debug|Any CPU
		{B780F39B-42F3-47DA-BC74-38B759FB58A2}.Debug|Any CPU.Build.0 = Debug|Any CPU
		{B780F39B-42F3-47DA-BC74-38B759FB58A2}.Release|Any CPU.ActiveCfg = Release|Any CPU
		{B780F39B-42F3-47DA-BC74-38B759FB58A2}.Release|Any CPU.Build.0 = Release|Any CPU
	EndGlobalSection
	GlobalSection(SolutionProperties) = preSolution
		HideSolutionNode = FALSE
	EndGlobalSection
	GlobalSection(ExtensibilityGlobals) = postSolution
		SolutionGuid = {CBEC5C0A-5C07-4BCB-B32A-608A5D324E8E}
	EndGlobalSection
EndGlobal
